
Microsoft Visual Studio Solution File, Format Version 12.00
# Visual Studio Version 17
VisualStudioVersion = 17.6.33801.468
MinimumVisualStudioVersion = 10.0.40219.1
Project("{FAE04EC0-301F-11D3-BF4B-00C04F79EFBC}") = "AzureAppInsightsMitMVCBikeStore", "AzureAppInsightsMitMVCBikeStore\AzureAppInsightsMitMVCBikeStore.csproj", "{B9AA30A8-30B5-45EB-8068-15F49CD4D45A}"
EndProject
Global
	GlobalSection(SolutionConfigurationPlatforms) = preSolution
		Debug|Any CPU = Debug|Any CPU
		Release|Any CPU = Release|Any CPU
	EndGlobalSection
	GlobalSection(ProjectConfigurationPlatforms) = postSolution
		{B9AA30A8-30B5-45EB-8068-15F49CD4D45A}.Debug|Any CPU.ActiveCfg = Debug|Any CPU
		{B9AA30A8-30B5-45EB-8068-15F49CD4D45A}.Debug|Any CPU.Build.0 = Debug|Any CPU
		{B9AA30A8-30B5-45EB-8068-15F49CD4D45A}.Release|Any CPU.ActiveCfg = Release|Any CPU
		{B9AA30A8-30B5-45EB-8068-15F49CD4D45A}.Release|Any CPU.Build.0 = Release|Any CPU
	EndGlobalSection
	GlobalSection(SolutionProperties) = preSolution
		HideSolutionNode = FALSE
	EndGlobalSection
	GlobalSection(ExtensibilityGlobals) = postSolution
		SolutionGuid = {6C2293A5-B22C-4261-BC10-99AB83DA66C7}
	EndGlobalSection
EndGlobal
